
Microsoft Visual Studio Solution File, Format Version 12.00
# Visual Studio Version 17
VisualStudioVersion = 17.7.34031.279
MinimumVisualStudioVersion = 10.0.40219.1
Project("{FAE04EC0-301F-11D3-BF4B-00C04F79EFBC}") = "JobTest", "JobTest\JobTest.csproj", "{50B29246-D967-41A3-BB55-ED2CC6BDCE9D}"
EndProject
Project("{FAE04EC0-301F-11D3-BF4B-00C04F79EFBC}") = "BatchProccessing", "BatchProccessing\BatchProccessing.csproj", "{C82BC43C-CCA4-4672-8B64-591B42EFAB8A}"
EndProject
Global
	GlobalSection(SolutionConfigurationPlatforms) = preSolution
		Debug|Any CPU = Debug|Any CPU
		Release|Any CPU = Release|Any CPU
	EndGlobalSection
	GlobalSection(ProjectConfigurationPlatforms) = postSolution
		{50B29246-D967-41A3-BB55-ED2CC6BDCE9D}.Debug|Any CPU.ActiveCfg = Debug|Any CPU
		{50B29246-D967-41A3-BB55-ED2CC6BDCE9D}.Debug|Any CPU.Build.0 = Debug|Any CPU
		{50B29246-D967-41A3-BB55-ED2CC6BDCE9D}.Release|Any CPU.ActiveCfg = Release|Any CPU
		{50B29246-D967-41A3-BB55-ED2CC6BDCE9D}.Release|Any CPU.Build.0 = Release|Any CPU
		{C82BC43C-CCA4-4672-8B64-591B42EFAB8A}.Debug|Any CPU.ActiveCfg = Debug|Any CPU
		{C82BC43C-CCA4-4672-8B64-591B42EFAB8A}.Debug|Any CPU.Build.0 = Debug|Any CPU
		{C82BC43C-CCA4-4672-8B64-591B42EFAB8A}.Release|Any CPU.ActiveCfg = Release|Any CPU
		{C82BC43C-CCA4-4672-8B64-591B42EFAB8A}.Release|Any CPU.Build.0 = Release|Any CPU
	EndGlobalSection
	GlobalSection(SolutionProperties) = preSolution
		HideSolutionNode = FALSE
	EndGlobalSection
	GlobalSection(ExtensibilityGlobals) = postSolution
		SolutionGuid = {929E9864-B623-4648-855C-FFCCE131389A}
	EndGlobalSection
EndGlobal
